// !$*UTF8*$!
{
	archiveVersion = 1;
	classes = {
	};
	objectVersion = 77;
	objects = {

/* Begin PBXContainerItemProxy section */
		B85031872D2BA06900646A11 /* PBXContainerItemProxy */ = {
			isa = PBXContainerItemProxy;
			containerPortal = B850316E2D2BA06800646A11 /* Project object */;
			proxyType = 1;
			remoteGlobalIDString = B85031752D2BA06800646A11;
			remoteInfo = "lifestyle test app";
		};
		B85031912D2BA06900646A11 /* PBXContainerItemProxy */ = {
			isa = PBXContainerItemProxy;
			containerPortal = B850316E2D2BA06800646A11 /* Project object */;
			proxyType = 1;
			remoteGlobalIDString = B85031752D2BA06800646A11;
			remoteInfo = "lifestyle test app";
		};
/* End PBXContainerItemProxy section */

/* Begin PBXFileReference section */
		B85031762D2BA06800646A11 /* lifestyle test app.app */ = {isa = PBXFileReference; explicitFileType = wrapper.application; includeInIndex = 0; path = "lifestyle test app.app"; sourceTree = BUILT_PRODUCTS_DIR; };
		B85031862D2BA06900646A11 /* lifestyle test appTests.xctest */ = {isa = PBXFileReference; explicitFileType = wrapper.cfbundle; includeInIndex = 0; path = "lifestyle test appTests.xctest"; sourceTree = BUILT_PRODUCTS_DIR; };
		B85031902D2BA06900646A11 /* lifestyle test appUITests.xctest */ = {isa = PBXFileReference; explicitFileType = wrapper.cfbundle; includeInIndex = 0; path = "lifestyle test appUITests.xctest"; sourceTree = BUILT_PRODUCTS_DIR; };
/* End PBXFileReference section */

/* Begin PBXFileSystemSynchronizedRootGroup section */
		B85031782D2BA06800646A11 /* lifestyle test app */ = {
			isa = PBXFileSystemSynchronizedRootGroup;
			path = "lifestyle test app";
			sourceTree = "<group>";
		};
		B85031892D2BA06900646A11 /* lifestyle test appTests */ = {
			isa = PBXFileSystemSynchronizedRootGroup;
			path = "lifestyle test appTests";
			sourceTree = "<group>";
		};
		B85031932D2BA06900646A11 /* lifestyle test appUITests */ = {
			isa = PBXFileSystemSynchronizedRootGroup;
			path = "lifestyle test appUITests";
			sourceTree = "<group>";
		};
/* End PBXFileSystemSynchronizedRootGroup section */

/* Begin PBXFrameworksBuildPhase section */
		B85031732D2BA06800646A11 /* Frameworks */ = {
			isa = PBXFrameworksBuildPhase;
			buildActionMask = 2147483647;
			files = (
			);
			runOnlyForDeploymentPostprocessing = 0;
		};
		B85031832D2BA06900646A11 /* Frameworks */ = {
			isa = PBXFrameworksBuildPhase;
			buildActionMask = 2147483647;
			files = (
			);
			runOnlyForDeploymentPostprocessing = 0;
		};
		B850318D2D2BA06900646A11 /* Frameworks */ = {
			isa = PBXFrameworksBuildPhase;
			buildActionMask = 2147483647;
			files = (
			);
			runOnlyForDeploymentPostprocessing = 0;
		};
/* End PBXFrameworksBuildPhase section */

/* Begin PBXGroup section */
		B850316D2D2BA06800646A11 = {
			isa = PBXGroup;
			children = (
				B85031782D2BA06800646A11 /* lifestyle test app */,
				B85031892D2BA06900646A11 /* lifestyle test appTests */,
				B85031932D2BA06900646A11 /* lifestyle test appUITests */,
				B85031772D2BA06800646A11 /* Products */,
			);
			sourceTree = "<group>";
		};
		B85031772D2BA06800646A11 /* Products */ = {
			isa = PBXGroup;
			children = (
				B85031762D2BA06800646A11 /* lifestyle test app.app */,
				B85031862D2BA06900646A11 /* lifestyle test appTests.xctest */,
				B85031902D2BA06900646A11 /* lifestyle test appUITests.xctest */,
			);
			name = Products;
			sourceTree = "<group>";
		};
/* End PBXGroup section */

/* Begin PBXNativeTarget section */
		B85031752D2BA06800646A11 /* lifestyle test app */ = {
			isa = PBXNativeTarget;
			buildConfigurationList = B850319A2D2BA06900646A11 /* Build configuration list for PBXNativeTarget "lifestyle test app" */;
			buildPhases = (
				B85031722D2BA06800646A11 /* Sources */,
				B85031732D2BA06800646A11 /* Frameworks */,
				B85031742D2BA06800646A11 /* Resources */,
			);
			buildRules = (
			);
			dependencies = (
			);
			fileSystemSynchronizedGroups = (
				B85031782D2BA06800646A11 /* lifestyle test app */,
			);
			name = "lifestyle test app";
			packageProductDependencies = (
			);
			productName = "lifestyle test app";
			productReference = B85031762D2BA06800646A11 /* lifestyle test app.app */;
			productType = "com.apple.product-type.application";
		};
		B85031852D2BA06900646A11 /* lifestyle test appTests */ = {
			isa = PBXNativeTarget;
			buildConfigurationList = B850319D2D2BA06900646A11 /* Build configuration list for PBXNativeTarget "lifestyle test appTests" */;
			buildPhases = (
				B85031822D2BA06900646A11 /* Sources */,
				B85031832D2BA06900646A11 /* Frameworks */,
				B85031842D2BA06900646A11 /* Resources */,
			);
			buildRules = (
			);
			dependencies = (
				B85031882D2BA06900646A11 /* PBXTargetDependency */,
			);
			fileSystemSynchronizedGroups = (
				B85031892D2BA06900646A11 /* lifestyle test appTests */,
			);
			name = "lifestyle test appTests";
			packageProductDependencies = (
			);
			productName = "lifestyle test appTests";
			productReference = B85031862D2BA06900646A11 /* lifestyle test appTests.xctest */;
			productType = "com.apple.product-type.bundle.unit-test";
		};
		B850318F2D2BA06900646A11 /* lifestyle test appUITests */ = {
			isa = PBXNativeTarget;
			buildConfigurationList = B85031A02D2BA06900646A11 /* Build configuration list for PBXNativeTarget "lifestyle test appUITests" */;
			buildPhases = (
				B850318C2D2BA06900646A11 /* Sources */,
				B850318D2D2BA06900646A11 /* Frameworks */,
				B850318E2D2BA06900646A11 /* Resources */,
			);
			buildRules = (
			);
			dependencies = (
				B85031922D2BA06900646A11 /* PBXTargetDependency */,
			);
			fileSystemSynchronizedGroups = (
				B85031932D2BA06900646A11 /* lifestyle test appUITests */,
			);
			name = "lifestyle test appUITests";
			packageProductDependencies = (
			);
			productName = "lifestyle test appUITests";
			productReference = B85031902D2BA06900646A11 /* lifestyle test appUITests.xctest */;
			productType = "com.apple.product-type.bundle.ui-testing";
		};
/* End PBXNativeTarget section */

/* Begin PBXProject section */
		B850316E2D2BA06800646A11 /* Project object */ = {
			isa = PBXProject;
			attributes = {
				BuildIndependentTargetsInParallel = 1;
				LastSwiftUpdateCheck = 1620;
				LastUpgradeCheck = 1620;
				TargetAttributes = {
					B85031752D2BA06800646A11 = {
						CreatedOnToolsVersion = 16.2;
					};
					B85031852D2BA06900646A11 = {
						CreatedOnToolsVersion = 16.2;
						TestTargetID = B85031752D2BA06800646A11;
					};
					B850318F2D2BA06900646A11 = {
						CreatedOnToolsVersion = 16.2;
						TestTargetID = B85031752D2BA06800646A11;
					};
				};
			};
			buildConfigurationList = B85031712D2BA06800646A11 /* Build configuration list for PBXProject "lifestyle test app" */;
			developmentRegion = en;
			hasScannedForEncodings = 0;
			knownRegions = (
				en,
				Base,
			);
			mainGroup = B850316D2D2BA06800646A11;
			minimizedProjectReferenceProxies = 1;
			preferredProjectObjectVersion = 77;
			productRefGroup = B85031772D2BA06800646A11 /* Products */;
			projectDirPath = "";
			projectRoot = "";
			targets = (
				B85031752D2BA06800646A11 /* lifestyle test app */,
				B85031852D2BA06900646A11 /* lifestyle test appTests */,
				B850318F2D2BA06900646A11 /* lifestyle test appUITests */,
			);
		};
/* End PBXProject section */

/* Begin PBXResourcesBuildPhase section */
		B85031742D2BA06800646A11 /* Resources */ = {
			isa = PBXResourcesBuildPhase;
			buildActionMask = 2147483647;
			files = (
			);
			runOnlyForDeploymentPostprocessing = 0;
		};
		B85031842D2BA06900646A11 /* Resources */ = {
			isa = PBXResourcesBuildPhase;
			buildActionMask = 2147483647;
			files = (
			);
			runOnlyForDeploymentPostprocessing = 0;
		};
		B850318E2D2BA06900646A11 /* Resources */ = {
			isa = PBXResourcesBuildPhase;
			buildActionMask = 2147483647;
			files = (
			);
			runOnlyForDeploymentPostprocessing = 0;
		};
/* End PBXResourcesBuildPhase section */

/* Begin PBXSourcesBuildPhase section */
		B85031722D2BA06800646A11 /* Sources */ = {
			isa = PBXSourcesBuildPhase;
			buildActionMask = 2147483647;
			files = (
			);
			runOnlyForDeploymentPostprocessing = 0;
		};
		B85031822D2BA06900646A11 /* Sources */ = {
			isa = PBXSourcesBuildPhase;
			buildActionMask = 2147483647;
			files = (
			);
			runOnlyForDeploymentPostprocessing = 0;
		};
		B850318C2D2BA06900646A11 /* Sources */ = {
			isa = PBXSourcesBuildPhase;
			buildActionMask = 2147483647;
			files = (
			);
			runOnlyForDeploymentPostprocessing = 0;
		};
/* End PBXSourcesBuildPhase section */

/* Begin PBXTargetDependency section */
		B85031882D2BA06900646A11 /* PBXTargetDependency */ = {
			isa = PBXTargetDependency;
			target = B85031752D2BA06800646A11 /* lifestyle test app */;
			targetProxy = B85031872D2BA06900646A11 /* PBXContainerItemProxy */;
		};
		B85031922D2BA06900646A11 /* PBXTargetDependency */ = {
			isa = PBXTargetDependency;
			target = B85031752D2BA06800646A11 /* lifestyle test app */;
			targetProxy = B85031912D2BA06900646A11 /* PBXContainerItemProxy */;
		};
/* End PBXTargetDependency section */

/* Begin XCBuildConfiguration section */
		B85031982D2BA06900646A11 /* Debug */ = {
			isa = XCBuildConfiguration;
			buildSettings = {
				ALWAYS_SEARCH_USER_PATHS = NO;
				ASSETCATALOG_COMPILER_GENERATE_SWIFT_ASSET_SYMBOL_EXTENSIONS = YES;
				CLANG_ANALYZER_NONNULL = YES;
				CLANG_ANALYZER_NUMBER_OBJECT_CONVERSION = YES_AGGRESSIVE;
				CLANG_CXX_LANGUAGE_STANDARD = "gnu++20";
				CLANG_ENABLE_MODULES = YES;
				CLANG_ENABLE_OBJC_ARC = YES;
				CLANG_ENABLE_OBJC_WEAK = YES;
				CLANG_WARN_BLOCK_CAPTURE_AUTORELEASING = YES;
				CLANG_WARN_BOOL_CONVERSION = YES;
				CLANG_WARN_COMMA = YES;
				CLANG_WARN_CONSTANT_CONVERSION = YES;
				CLANG_WARN_DEPRECATED_OBJC_IMPLEMENTATIONS = YES;
				CLANG_WARN_DIRECT_OBJC_ISA_USAGE = YES_ERROR;
				CLANG_WARN_DOCUMENTATION_COMMENTS = YES;
				CLANG_WARN_EMPTY_BODY = YES;
				CLANG_WARN_ENUM_CONVERSION = YES;
				CLANG_WARN_INFINITE_RECURSION = YES;
				CLANG_WARN_INT_CONVERSION = YES;
				CLANG_WARN_NON_LITERAL_NULL_CONVERSION = YES;
				CLANG_WARN_OBJC_IMPLICIT_RETAIN_SELF = YES;
				CLANG_WARN_OBJC_LITERAL_CONVERSION = YES;
				CLANG_WARN_OBJC_ROOT_CLASS = YES_ERROR;
				CLANG_WARN_QUOTED_INCLUDE_IN_FRAMEWORK_HEADER = YES;
				CLANG_WARN_RANGE_LOOP_ANALYSIS = YES;
				CLANG_WARN_STRICT_PROTOTYPES = YES;
				CLANG_WARN_SUSPICIOUS_MOVE = YES;
				CLANG_WARN_UNGUARDED_AVAILABILITY = YES_AGGRESSIVE;
				CLANG_WARN_UNREACHABLE_CODE = YES;
				CLANG_WARN__DUPLICATE_METHOD_MATCH = YES;
				COPY_PHASE_STRIP = NO;
				DEBUG_INFORMATION_FORMAT = dwarf;
				ENABLE_STRICT_OBJC_MSGSEND = YES;
				ENABLE_TESTABILITY = YES;
				ENABLE_USER_SCRIPT_SANDBOXING = YES;
				GCC_C_LANGUAGE_STANDARD = gnu17;
				GCC_DYNAMIC_NO_PIC = NO;
				GCC_NO_COMMON_BLOCKS = YES;
				GCC_OPTIMIZATION_LEVEL = 0;
				GCC_PREPROCESSOR_DEFINITIONS = (
					"DEBUG=1",
					"$(inherited)",
				);
				GCC_WARN_64_TO_32_BIT_CONVERSION = YES;
				GCC_WARN_ABOUT_RETURN_TYPE = YES_ERROR;
				GCC_WARN_UNDECLARED_SELECTOR = YES;
				GCC_WARN_UNINITIALIZED_AUTOS = YES_AGGRESSIVE;
				GCC_WARN_UNUSED_FUNCTION = YES;
				GCC_WARN_UNUSED_VARIABLE = YES;
				IPHONEOS_DEPLOYMENT_TARGET = 18.2;
				LOCALIZATION_PREFERS_STRING_CATALOGS = YES;
				MTL_ENABLE_DEBUG_INFO = INCLUDE_SOURCE;
				MTL_FAST_MATH = YES;
				ONLY_ACTIVE_ARCH = YES;
				SDKROOT = iphoneos;
				SWIFT_ACTIVE_COMPILATION_CONDITIONS = "DEBUG $(inherited)";
				SWIFT_OPTIMIZATION_LEVEL = "-Onone";
			};
			name = Debug;
		};
		B85031992D2BA06900646A11 /* Release */ = {
			isa = XCBuildConfiguration;
			buildSettings = {
				ALWAYS_SEARCH_USER_PATHS = NO;
				ASSETCATALOG_COMPILER_GENERATE_SWIFT_ASSET_SYMBOL_EXTENSIONS = YES;
				CLANG_ANALYZER_NONNULL = YES;
				CLANG_ANALYZER_NUMBER_OBJECT_CONVERSION = YES_AGGRESSIVE;
				CLANG_CXX_LANGUAGE_STANDARD = "gnu++20";
				CLANG_ENABLE_MODULES = YES;
				CLANG_ENABLE_OBJC_ARC = YES;
				CLANG_ENABLE_OBJC_WEAK = YES;
				CLANG_WARN_BLOCK_CAPTURE_AUTORELEASING = YES;
				CLANG_WARN_BOOL_CONVERSION = YES;
				CLANG_WARN_COMMA = YES;
				CLANG_WARN_CONSTANT_CONVERSION = YES;
				CLANG_WARN_DEPRECATED_OBJC_IMPLEMENTATIONS = YES;
				CLANG_WARN_DIRECT_OBJC_ISA_USAGE = YES_ERROR;
				CLANG_WARN_DOCUMENTATION_COMMENTS = YES;
				CLANG_WARN_EMPTY_BODY = YES;
				CLANG_WARN_ENUM_CONVERSION = YES;
				CLANG_WARN_INFINITE_RECURSION = YES;
				CLANG_WARN_INT_CONVERSION = YES;
				CLANG_WARN_NON_LITERAL_NULL_CONVERSION = YES;
				CLANG_WARN_OBJC_IMPLICIT_RETAIN_SELF = YES;
				CLANG_WARN_OBJC_LITERAL_CONVERSION = YES;
				CLANG_WARN_OBJC_ROOT_CLASS = YES_ERROR;
				CLANG_WARN_QUOTED_INCLUDE_IN_FRAMEWORK_HEADER = YES;
				CLANG_WARN_RANGE_LOOP_ANALYSIS = YES;
				CLANG_WARN_STRICT_PROTOTYPES = YES;
				CLANG_WARN_SUSPICIOUS_MOVE = YES;
				CLANG_WARN_UNGUARDED_AVAILABILITY = YES_AGGRESSIVE;
				CLANG_WARN_UNREACHABLE_CODE = YES;
				CLANG_WARN__DUPLICATE_METHOD_MATCH = YES;
				COPY_PHASE_STRIP = NO;
				DEBUG_INFORMATION_FORMAT = "dwarf-with-dsym";
				ENABLE_NS_ASSERTIONS = NO;
				ENABLE_STRICT_OBJC_MSGSEND = YES;
				ENABLE_USER_SCRIPT_SANDBOXING = YES;
				GCC_C_LANGUAGE_STANDARD = gnu17;
				GCC_NO_COMMON_BLOCKS = YES;
				GCC_WARN_64_TO_32_BIT_CONVERSION = YES;
				GCC_WARN_ABOUT_RETURN_TYPE = YES_ERROR;
				GCC_WARN_UNDECLARED_SELECTOR = YES;
				GCC_WARN_UNINITIALIZED_AUTOS = YES_AGGRESSIVE;
				GCC_WARN_UNUSED_FUNCTION = YES;
				GCC_WARN_UNUSED_VARIABLE = YES;
				IPHONEOS_DEPLOYMENT_TARGET = 18.2;
				LOCALIZATION_PREFERS_STRING_CATALOGS = YES;
				MTL_ENABLE_DEBUG_INFO = NO;
				MTL_FAST_MATH = YES;
				SDKROOT = iphoneos;
				SWIFT_COMPILATION_MODE = wholemodule;
				VALIDATE_PRODUCT = YES;
			};
			name = Release;
		};
		B850319B2D2BA06900646A11 /* Debug */ = {
			isa = XCBuildConfiguration;
			buildSettings = {
				ASSETCATALOG_COMPILER_APPICON_NAME = AppIcon;
				ASSETCATALOG_COMPILER_GLOBAL_ACCENT_COLOR_NAME = AccentColor;
				CODE_SIGN_STYLE = Automatic;
				CURRENT_PROJECT_VERSION = 1;
				DEVELOPMENT_ASSET_PATHS = "\"lifestyle test app/Preview Content\"";
				DEVELOPMENT_TEAM = N5C4229YSA;
				ENABLE_PREVIEWS = YES;
				GENERATE_INFOPLIST_FILE = YES;
				INFOPLIST_FILE = "lifestyle-test-app-Info.plist";
				INFOPLIST_KEY_NSMicrophoneUsageDescription = "NS Microphone Usage Description";
				INFOPLIST_KEY_NSSiriUsageDescription = "This app uses Siri to log meals and track challenges.";
				INFOPLIST_KEY_NSSpeechRecognitionUsageDescription = "NSSpeech Recognition Usage Description";
				INFOPLIST_KEY_UIApplicationSceneManifest_Generation = YES;
				INFOPLIST_KEY_UIApplicationSupportsIndirectInputEvents = YES;
				INFOPLIST_KEY_UILaunchScreen_Generation = YES;
				INFOPLIST_KEY_UISupportedInterfaceOrientations_iPad = "UIInterfaceOrientationPortrait UIInterfaceOrientationPortraitUpsideDown UIInterfaceOrientationLandscapeLeft UIInterfaceOrientationLandscapeRight";
				INFOPLIST_KEY_UISupportedInterfaceOrientations_iPhone = "UIInterfaceOrientationPortrait UIInterfaceOrientationLandscapeLeft UIInterfaceOrientationLandscapeRight";
				IPHONEOS_DEPLOYMENT_TARGET = 18.0;
				LD_RUNPATH_SEARCH_PATHS = (
					"$(inherited)",
					"@executable_path/Frameworks",
				);
				MARKETING_VERSION = 1.0;
				PRODUCT_BUNDLE_IDENTIFIER = "Gehad.lifestyle-test-app";
				PRODUCT_NAME = "$(TARGET_NAME)";
				SWIFT_EMIT_LOC_STRINGS = YES;
				SWIFT_VERSION = 5.0;
				TARGETED_DEVICE_FAMILY = "1,2";
			};
			name = Debug;
		};
		B850319C2D2BA06900646A11 /* Release */ = {
			isa = XCBuildConfiguration;
			buildSettings = {
				ASSETCATALOG_COMPILER_APPICON_NAME = AppIcon;
				ASSETCATALOG_COMPILER_GLOBAL_ACCENT_COLOR_NAME = AccentColor;
				CODE_SIGN_STYLE = Automatic;
				CURRENT_PROJECT_VERSION = 1;
				DEVELOPMENT_ASSET_PATHS = "\"lifestyle test app/Preview Content\"";
				DEVELOPMENT_TEAM = N5C4229YSA;
				ENABLE_PREVIEWS = YES;
				GENERATE_INFOPLIST_FILE = YES;
				INFOPLIST_FILE = "lifestyle-test-app-Info.plist";
				INFOPLIST_KEY_NSMicrophoneUsageDescription = "NS Microphone Usage Description";
				INFOPLIST_KEY_NSSiriUsageDescription = "This app uses Siri to log meals and track challenges.";
				INFOPLIST_KEY_NSSpeechRecognitionUsageDescription = "NSSpeech Recognition Usage Description";
				INFOPLIST_KEY_UIApplicationSceneManifest_Generation = YES;
				INFOPLIST_KEY_UIApplicationSupportsIndirectInputEvents = YES;
				INFOPLIST_KEY_UILaunchScreen_Generation = YES;
				INFOPLIST_KEY_UISupportedInterfaceOrientations_iPad = "UIInterfaceOrientationPortrait UIInterfaceOrientationPortraitUpsideDown UIInterfaceOrientationLandscapeLeft UIInterfaceOrientationLandscapeRight";
				INFOPLIST_KEY_UISupportedInterfaceOrientations_iPhone = "UIInterfaceOrientationPortrait UIInterfaceOrientationLandscapeLeft UIInterfaceOrientationLandscapeRight";
				IPHONEOS_DEPLOYMENT_TARGET = 18.0;
				LD_RUNPATH_SEARCH_PATHS = (
					"$(inherited)",
					"@executable_path/Frameworks",
				);
				MARKETING_VERSION = 1.0;
				PRODUCT_BUNDLE_IDENTIFIER = "Gehad.lifestyle-test-app";
				PRODUCT_NAME = "$(TARGET_NAME)";
				SWIFT_EMIT_LOC_STRINGS = YES;
				SWIFT_VERSION = 5.0;
				TARGETED_DEVICE_FAMILY = "1,2";
			};
			name = Release;
		};
		B850319E2D2BA06900646A11 /* Debug */ = {
			isa = XCBuildConfiguration;
			buildSettings = {
				BUNDLE_LOADER = "$(TEST_HOST)";
				CODE_SIGN_STYLE = Automatic;
				CURRENT_PROJECT_VERSION = 1;
				DEVELOPMENT_TEAM = N5C4229YSA;
				GENERATE_INFOPLIST_FILE = YES;
				IPHONEOS_DEPLOYMENT_TARGET = 18.2;
				MARKETING_VERSION = 1.0;
				PRODUCT_BUNDLE_IDENTIFIER = "Gehad.lifestyle-test-appTests";
				PRODUCT_NAME = "$(TARGET_NAME)";
				SWIFT_EMIT_LOC_STRINGS = NO;
				SWIFT_VERSION = 5.0;
				TARGETED_DEVICE_FAMILY = "1,2";
				TEST_HOST = "$(BUILT_PRODUCTS_DIR)/lifestyle test app.app/$(BUNDLE_EXECUTABLE_FOLDER_PATH)/lifestyle test app";
			};
			name = Debug;
		};
		B850319F2D2BA06900646A11 /* Release */ = {
			isa = XCBuildConfiguration;
			buildSettings = {
				BUNDLE_LOADER = "$(TEST_HOST)";
				CODE_SIGN_STYLE = Automatic;
				CURRENT_PROJECT_VERSION = 1;
				DEVELOPMENT_TEAM = N5C4229YSA;
				GENERATE_INFOPLIST_FILE = YES;
				IPHONEOS_DEPLOYMENT_TARGET = 18.2;
				MARKETING_VERSION = 1.0;
				PRODUCT_BUNDLE_IDENTIFIER = "Gehad.lifestyle-test-appTests";
				PRODUCT_NAME = "$(TARGET_NAME)";
				SWIFT_EMIT_LOC_STRINGS = NO;
				SWIFT_VERSION = 5.0;
				TARGETED_DEVICE_FAMILY = "1,2";
				TEST_HOST = "$(BUILT_PRODUCTS_DIR)/lifestyle test app.app/$(BUNDLE_EXECUTABLE_FOLDER_PATH)/lifestyle test app";
			};
			name = Release;
		};
		B85031A12D2BA06900646A11 /* Debug */ = {
			isa = XCBuildConfiguration;
			buildSettings = {
				CODE_SIGN_STYLE = Automatic;
				CURRENT_PROJECT_VERSION = 1;
				DEVELOPMENT_TEAM = N5C4229YSA;
				GENERATE_INFOPLIST_FILE = YES;
				MARKETING_VERSION = 1.0;
				PRODUCT_BUNDLE_IDENTIFIER = "Gehad.lifestyle-test-appUITests";
				PRODUCT_NAME = "$(TARGET_NAME)";
				SWIFT_EMIT_LOC_STRINGS = NO;
				SWIFT_VERSION = 5.0;
				TARGETED_DEVICE_FAMILY = "1,2";
				TEST_TARGET_NAME = "lifestyle test app";
			};
			name = Debug;
		};
		B85031A22D2BA06900646A11 /* Release */ = {
			isa = XCBuildConfiguration;
			buildSettings = {
				CODE_SIGN_STYLE = Automatic;
				CURRENT_PROJECT_VERSION = 1;
				DEVELOPMENT_TEAM = N5C4229YSA;
				GENERATE_INFOPLIST_FILE = YES;
				MARKETING_VERSION = 1.0;
				PRODUCT_BUNDLE_IDENTIFIER = "Gehad.lifestyle-test-appUITests";
				PRODUCT_NAME = "$(TARGET_NAME)";
				SWIFT_EMIT_LOC_STRINGS = NO;
				SWIFT_VERSION = 5.0;
				TARGETED_DEVICE_FAMILY = "1,2";
				TEST_TARGET_NAME = "lifestyle test app";
			};
			name = Release;
		};
/* End XCBuildConfiguration section */

/* Begin XCConfigurationList section */
		B85031712D2BA06800646A11 /* Build configuration list for PBXProject "lifestyle test app" */ = {
			isa = XCConfigurationList;
			buildConfigurations = (
				B85031982D2BA06900646A11 /* Debug */,
				B85031992D2BA06900646A11 /* Release */,
			);
			defaultConfigurationIsVisible = 0;
			defaultConfigurationName = Release;
		};
		B850319A2D2BA06900646A11 /* Build configuration list for PBXNativeTarget "lifestyle test app" */ = {
			isa = XCConfigurationList;
			buildConfigurations = (
				B850319B2D2BA06900646A11 /* Debug */,
				B850319C2D2BA06900646A11 /* Release */,
			);
			defaultConfigurationIsVisible = 0;
			defaultConfigurationName = Release;
		};
		B850319D2D2BA06900646A11 /* Build configuration list for PBXNativeTarget "lifestyle test appTests" */ = {
			isa = XCConfigurationList;
			buildConfigurations = (
				B850319E2D2BA06900646A11 /* Debug */,
				B850319F2D2BA06900646A11 /* Release */,
			);
			defaultConfigurationIsVisible = 0;
			defaultConfigurationName = Release;
		};
		B85031A02D2BA06900646A11 /* Build configuration list for PBXNativeTarget "lifestyle test appUITests" */ = {
			isa = XCConfigurationList;
			buildConfigurations = (
				B85031A12D2BA06900646A11 /* Debug */,
				B85031A22D2BA06900646A11 /* Release */,
			);
			defaultConfigurationIsVisible = 0;
			defaultConfigurationName = Release;
		};
/* End XCConfigurationList section */
	};
	rootObject = B850316E2D2BA06800646A11 /* Project object */;
}
